{
  "name": "module",
  "version": "1.0.0",
  "lockfileVersion": 3,
  "requires": true,
  "packages": {
    "": {
      "name": "module",
      "version": "1.0.0",
      "license": "ISC",
      "dependencies": {
        "frankgp": "^1.0.4"
      }
    },
    "node_modules/frankgp": {
      "version": "1.0.4",
      "resolved": "https://registry.npmjs.org/frankgp/-/frankgp-1.0.4.tgz",
      "integrity": "sha512-yYksoemZABZMKCzsyZkK55kyidxWXingj2TPAl8U6mJsLYzD05OPEs606HeRlYzgG3Lj6eRHfG+ZVxuYyOmVmQ==",
      "license": "ISC"
    }
  }
}
